
Microsoft Visual Studio Solution File, Format Version 12.00
# Visual Studio Version 16
VisualStudioVersion = 16.0.30611.23
MinimumVisualStudioVersion = 10.0.40219.1
Project("{9092AA53-FB77-4645-B42D-1CCCA6BD08BD}") = "BRGWebApp", "BRGWebApp.njsproj", "{ABF311DE-3302-4DDC-93C2-585A8C6BAF07}"
EndProject
Global
	GlobalSection(SolutionConfigurationPlatforms) = preSolution
		Debug|Any CPU = Debug|Any CPU
		Release|Any CPU = Release|Any CPU
	EndGlobalSection
	GlobalSection(ProjectConfigurationPlatforms) = postSolution
		{ABF311DE-3302-4DDC-93C2-585A8C6BAF07}.Debug|Any CPU.ActiveCfg = Debug|Any CPU
		{ABF311DE-3302-4DDC-93C2-585A8C6BAF07}.Debug|Any CPU.Build.0 = Debug|Any CPU
		{ABF311DE-3302-4DDC-93C2-585A8C6BAF07}.Release|Any CPU.ActiveCfg = Release|Any CPU
		{ABF311DE-3302-4DDC-93C2-585A8C6BAF07}.Release|Any CPU.Build.0 = Release|Any CPU
	EndGlobalSection
	GlobalSection(SolutionProperties) = preSolution
		HideSolutionNode = FALSE
	EndGlobalSection
	GlobalSection(ExtensibilityGlobals) = postSolution
		SolutionGuid = {F34E39D8-1611-4F54-8E9F-F926B5B25F54}
	EndGlobalSection
EndGlobal
